
Microsoft Visual Studio Solution File, Format Version 12.00
# Visual Studio Version 16
VisualStudioVersion = 16.0.29806.167
MinimumVisualStudioVersion = 10.0.40219.1
Project("{FAE04EC0-301F-11D3-BF4B-00C04F79EFBC}") = "layout", "layout.csproj", "{A8F44D99-C114-41EF-BAA7-34A6D8A91B48}"
EndProject
Global
	GlobalSection(SolutionConfigurationPlatforms) = preSolution
		Debug|Any CPU = Debug|Any CPU
		Release|Any CPU = Release|Any CPU
	EndGlobalSection
	GlobalSection(ProjectConfigurationPlatforms) = postSolution
		{A8F44D99-C114-41EF-BAA7-34A6D8A91B48}.Debug|Any CPU.ActiveCfg = Debug|Any CPU
		{A8F44D99-C114-41EF-BAA7-34A6D8A91B48}.Debug|Any CPU.Build.0 = Debug|Any CPU
		{A8F44D99-C114-41EF-BAA7-34A6D8A91B48}.Release|Any CPU.ActiveCfg = Release|Any CPU
		{A8F44D99-C114-41EF-BAA7-34A6D8A91B48}.Release|Any CPU.Build.0 = Release|Any CPU
	EndGlobalSection
	GlobalSection(SolutionProperties) = preSolution
		HideSolutionNode = FALSE
	EndGlobalSection
	GlobalSection(ExtensibilityGlobals) = postSolution
		SolutionGuid = {8C0C96F5-7A69-4DE8-ACFB-77E11CEFF3B4}
	EndGlobalSection
EndGlobal
